Microsoft Visual Studio Solution File, Format Version 12.00
# Visual Studio Version 17
VisualStudioVersion = 17.5.2.0
MinimumVisualStudioVersion = 10.0.40219.1
Project("{FAE04EC0-301F-11D3-BF4B-00C04F79EFBC}") = "MediCode", "MediCode.csproj", "{6839ED5E-5767-E61F-AAEB-C69FDD43635D}"
EndProject
Global
	GlobalSection(SolutionConfigurationPlatforms) = preSolution
		Debug|Any CPU = Debug|Any CPU
		Release|Any CPU = Release|Any CPU
	EndGlobalSection
	GlobalSection(ProjectConfigurationPlatforms) = postSolution
		{6839ED5E-5767-E61F-AAEB-C69FDD43635D}.Debug|Any CPU.ActiveCfg = Debug|Any CPU
		{6839ED5E-5767-E61F-AAEB-C69FDD43635D}.Debug|Any CPU.Build.0 = Debug|Any CPU
		{6839ED5E-5767-E61F-AAEB-C69FDD43635D}.Release|Any CPU.ActiveCfg = Release|Any CPU
		{6839ED5E-5767-E61F-AAEB-C69FDD43635D}.Release|Any CPU.Build.0 = Release|Any CPU
	EndGlobalSection
	GlobalSection(SolutionProperties) = preSolution
		HideSolutionNode = FALSE
	EndGlobalSection
	GlobalSection(ExtensibilityGlobals) = postSolution
		SolutionGuid = {CDA5EA3B-A02E-4F9E-87B7-86E14451884A}
	EndGlobalSection
EndGlobal
